
Microsoft Visual Studio Solution File, Format Version 12.00
# Visual Studio Version 17
VisualStudioVersion = 17.4.33110.190
MinimumVisualStudioVersion = 10.0.40219.1
Project("{FAE04EC0-301F-11D3-BF4B-00C04F79EFBC}") = "SelectWednesday", "SelectWednesday\SelectWednesday.csproj", "{AD24D310-0D8D-4E8F-A037-2F0AEEDA561F}"
EndProject
Project("{FAE04EC0-301F-11D3-BF4B-00C04F79EFBC}") = "Wednesday", "Wednesday\Wednesday.csproj", "{78DCFCEC-F774-43AE-B1C8-2F6D2505AD65}"
EndProject
Global
	GlobalSection(SolutionConfigurationPlatforms) = preSolution
		Debug|Any CPU = Debug|Any CPU
		Release|Any CPU = Release|Any CPU
	EndGlobalSection
	GlobalSection(ProjectConfigurationPlatforms) = postSolution
		{AD24D310-0D8D-4E8F-A037-2F0AEEDA561F}.Debug|Any CPU.ActiveCfg = Debug|Any CPU
		{AD24D310-0D8D-4E8F-A037-2F0AEEDA561F}.Debug|Any CPU.Build.0 = Debug|Any CPU
		{AD24D310-0D8D-4E8F-A037-2F0AEEDA561F}.Release|Any CPU.ActiveCfg = Release|Any CPU
		{AD24D310-0D8D-4E8F-A037-2F0AEEDA561F}.Release|Any CPU.Build.0 = Release|Any CPU
		{78DCFCEC-F774-43AE-B1C8-2F6D2505AD65}.Debug|Any CPU.ActiveCfg = Debug|Any CPU
		{78DCFCEC-F774-43AE-B1C8-2F6D2505AD65}.Debug|Any CPU.Build.0 = Debug|Any CPU
		{78DCFCEC-F774-43AE-B1C8-2F6D2505AD65}.Release|Any CPU.ActiveCfg = Release|Any CPU
		{78DCFCEC-F774-43AE-B1C8-2F6D2505AD65}.Release|Any CPU.Build.0 = Release|Any CPU
	EndGlobalSection
	GlobalSection(SolutionProperties) = preSolution
		HideSolutionNode = FALSE
	EndGlobalSection
	GlobalSection(ExtensibilityGlobals) = postSolution
		SolutionGuid = {E4B319BD-3777-447C-8753-2E82586527A0}
	EndGlobalSection
EndGlobal
